// !$*UTF8*$!
{
	archiveVersion = 1;
	classes = {
	};
	objectVersion = 50;
	objects = {

/* Begin PBXBuildFile section */
		841BE4B72566498B003C99A7 /* AppDelegate.swift in Sources */ = {isa = PBXBuildFile; fileRef = 841BE4B62566498B003C99A7 /* AppDelegate.swift */; };
		841BE4B92566498B003C99A7 /* SceneDelegate.swift in Sources */ = {isa = PBXBuildFile; fileRef = 841BE4B82566498B003C99A7 /* SceneDelegate.swift */; };
		841BE4BB2566498B003C99A7 /* ViewController.swift in Sources */ = {isa = PBXBuildFile; fileRef = 841BE4BA2566498B003C99A7 /* ViewController.swift */; };
		841BE4BE2566498B003C99A7 /* Main.storyboard in Resources */ = {isa = PBXBuildFile; fileRef = 841BE4BC2566498B003C99A7 /* Main.storyboard */; };
		841BE4C02566498C003C99A7 /* Assets.xcassets in Resources */ = {isa = PBXBuildFile; fileRef = 841BE4BF2566498C003C99A7 /* Assets.xcassets */; };
		841BE4C32566498C003C99A7 /* LaunchScreen.storyboard in Resources */ = {isa = PBXBuildFile; fileRef = 841BE4C12566498C003C99A7 /* LaunchScreen.storyboard */; };
		841BE4CE2566498C003C99A7 /* XTstoreTests.swift in Sources */ = {isa = PBXBuildFile; fileRef = 841BE4CD2566498C003C99A7 /* XTstoreTests.swift */; };
		841BE4D92566498C003C99A7 /* XTstoreUITests.swift in Sources */ = {isa = PBXBuildFile; fileRef = 841BE4D82566498C003C99A7 /* XTstoreUITests.swift */; };
/* End PBXBuildFile section */

/* Begin PBXContainerItemProxy section */
		841BE4CA2566498C003C99A7 /* PBXContainerItemProxy */ = {
			isa = PBXContainerItemProxy;
			containerPortal = 841BE4AB2566498B003C99A7 /* Project object */;
			proxyType = 1;
			remoteGlobalIDString = 841BE4B22566498B003C99A7;
			remoteInfo = XTstore;
		};
		841BE4D52566498C003C99A7 /* PBXContainerItemProxy */ = {
			isa = PBXContainerItemProxy;
			containerPortal = 841BE4AB2566498B003C99A7 /* Project object */;
			proxyType = 1;
			remoteGlobalIDString = 841BE4B22566498B003C99A7;
			remoteInfo = XTstore;
		};
/* End PBXContainerItemProxy section */

/* Begin PBXFileReference section */
		841BE4B32566498B003C99A7 /* XTstore.app */ = {isa = PBXFileReference; explicitFileType = wrapper.application; includeInIndex = 0; path = XTstore.app; sourceTree = BUILT_PRODUCTS_DIR; };
		841BE4B62566498B003C99A7 /* AppDelegate.swift */ = {isa = PBXFileReference; lastKnownFileType = sourcecode.swift; path = AppDelegate.swift; sourceTree = "<group>"; };
		841BE4B82566498B003C99A7 /* SceneDelegate.swift */ = {isa = PBXFileReference; lastKnownFileType = sourcecode.swift; path = SceneDelegate.swift; sourceTree = "<group>"; };
		841BE4BA2566498B003C99A7 /* ViewController.swift */ = {isa = PBXFileReference; lastKnownFileType = sourcecode.swift; path = ViewController.swift; sourceTree = "<group>"; };
		841BE4BD2566498B003C99A7 /* Base */ = {isa = PBXFileReference; lastKnownFileType = file.storyboard; name = Base; path = Base.lproj/Main.storyboard; sourceTree = "<group>"; };
		841BE4BF2566498C003C99A7 /* Assets.xcassets */ = {isa = PBXFileReference; lastKnownFileType = folder.assetcatalog; path = Assets.xcassets; sourceTree = "<group>"; };
		841BE4C22566498C003C99A7 /* Base */ = {isa = PBXFileReference; lastKnownFileType = file.storyboard; name = Base; path = Base.lproj/LaunchScreen.storyboard; sourceTree = "<group>"; };
		841BE4C42566498C003C99A7 /* Info.plist */ = {isa = PBXFileReference; lastKnownFileType = text.plist.xml; path = Info.plist; sourceTree = "<group>"; };
		841BE4C92566498C003C99A7 /* XTstoreTests.xctest */ = {isa = PBXFileReference; explicitFileType = wrapper.cfbundle; includeInIndex = 0; path = XTstoreTests.xctest; sourceTree = BUILT_PRODUCTS_DIR; };
		841BE4CD2566498C003C99A7 /* XTstoreTests.swift */ = {isa = PBXFileReference; lastKnownFileType = sourcecode.swift; path = XTstoreTests.swift; sourceTree = "<group>"; };
		841BE4CF2566498C003C99A7 /* Info.plist */ = {isa = PBXFileReference; lastKnownFileType = text.plist.xml; path = Info.plist; sourceTree = "<group>"; };
		841BE4D42566498C003C99A7 /* XTstoreUITests.xctest */ = {isa = PBXFileReference; explicitFileType = wrapper.cfbundle; includeInIndex = 0; path = XTstoreUITests.xctest; sourceTree = BUILT_PRODUCTS_DIR; };
		841BE4D82566498C003C99A7 /* XTstoreUITests.swift */ = {isa = PBXFileReference; lastKnownFileType = sourcecode.swift; path = XTstoreUITests.swift; sourceTree = "<group>"; };
		841BE4DA2566498C003C99A7 /* Info.plist */ = {isa = PBXFileReference; lastKnownFileType = text.plist.xml; path = Info.plist; sourceTree = "<group>"; };
/* End PBXFileReference section */

/* Begin PBXFrameworksBuildPhase section */
		841BE4B02566498B003C99A7 /* Frameworks */ = {
			isa = PBXFrameworksBuildPhase;
			buildActionMask = 2147483647;
			files = (
			);
			runOnlyForDeploymentPostprocessing = 0;
		};
		841BE4C62566498C003C99A7 /* Frameworks */ = {
			isa = PBXFrameworksBuildPhase;
			buildActionMask = 2147483647;
			files = (
			);
			runOnlyForDeploymentPostprocessing = 0;
		};
		841BE4D12566498C003C99A7 /* Frameworks */ = {
			isa = PBXFrameworksBuildPhase;
			buildActionMask = 2147483647;
			files = (
			);
			runOnlyForDeploymentPostprocessing = 0;
		};
/* End PBXFrameworksBuildPhase section */

/* Begin PBXGroup section */
		841BE4AA2566498B003C99A7 = {
			isa = PBXGroup;
			children = (
				841BE4B52566498B003C99A7 /* XTstore */,
				841BE4CC2566498C003C99A7 /* XTstoreTests */,
				841BE4D72566498C003C99A7 /* XTstoreUITests */,
				841BE4B42566498B003C99A7 /* Products */,
			);
			sourceTree = "<group>";
		};
		841BE4B42566498B003C99A7 /* Products */ = {
			isa = PBXGroup;
			children = (
				841BE4B32566498B003C99A7 /* XTstore.app */,
				841BE4C92566498C003C99A7 /* XTstoreTests.xctest */,
				841BE4D42566498C003C99A7 /* XTstoreUITests.xctest */,
			);
			name = Products;
			sourceTree = "<group>";
		};
		841BE4B52566498B003C99A7 /* XTstore */ = {
			isa = PBXGroup;
			children = (
				841BE4B62566498B003C99A7 /* AppDelegate.swift */,
				841BE4B82566498B003C99A7 /* SceneDelegate.swift */,
				841BE4BA2566498B003C99A7 /* ViewController.swift */,
				841BE4BC2566498B003C99A7 /* Main.storyboard */,
				841BE4BF2566498C003C99A7 /* Assets.xcassets */,
				841BE4C12566498C003C99A7 /* LaunchScreen.storyboard */,
				841BE4C42566498C003C99A7 /* Info.plist */,
			);
			path = XTstore;
			sourceTree = "<group>";
		};
		841BE4CC2566498C003C99A7 /* XTstoreTests */ = {
			isa = PBXGroup;
			children = (
				841BE4CD2566498C003C99A7 /* XTstoreTests.swift */,
				841BE4CF2566498C003C99A7 /* Info.plist */,
			);
			path = XTstoreTests;
			sourceTree = "<group>";
		};
		841BE4D72566498C003C99A7 /* XTstoreUITests */ = {
			isa = PBXGroup;
			children = (
				841BE4D82566498C003C99A7 /* XTstoreUITests.swift */,
				841BE4DA2566498C003C99A7 /* Info.plist */,
			);
			path = XTstoreUITests;
			sourceTree = "<group>";
		};
/* End PBXGroup section */

/* Begin PBXNativeTarget section */
		841BE4B22566498B003C99A7 /* XTstore */ = {
			isa = PBXNativeTarget;
			buildConfigurationList = 841BE4DD2566498C003C99A7 /* Build configuration list for PBXNativeTarget "XTstore" */;
			buildPhases = (
				841BE4AF2566498B003C99A7 /* Sources */,
				841BE4B02566498B003C99A7 /* Frameworks */,
				841BE4B12566498B003C99A7 /* Resources */,
			);
			buildRules = (
			);
			dependencies = (
			);
			name = XTstore;
			productName = XTstore;
			productReference = 841BE4B32566498B003C99A7 /* XTstore.app */;
			productType = "com.apple.product-type.application";
		};
		841BE4C82566498C003C99A7 /* XTstoreTests */ = {
			isa = PBXNativeTarget;
			buildConfigurationList = 841BE4E02566498C003C99A7 /* Build configuration list for PBXNativeTarget "XTstoreTests" */;
			buildPhases = (
				841BE4C52566498C003C99A7 /* Sources */,
				841BE4C62566498C003C99A7 /* Frameworks */,
				841BE4C72566498C003C99A7 /* Resources */,
			);
			buildRules = (
			);
			dependencies = (
				841BE4CB2566498C003C99A7 /* PBXTargetDependency */,
			);
			name = XTstoreTests;
			productName = XTstoreTests;
			productReference = 841BE4C92566498C003C99A7 /* XTstoreTests.xctest */;
			productType = "com.apple.product-type.bundle.unit-test";
		};
		841BE4D32566498C003C99A7 /* XTstoreUITests */ = {
			isa = PBXNativeTarget;
			buildConfigurationList = 841BE4E32566498C003C99A7 /* Build configuration list for PBXNativeTarget "XTstoreUITests" */;
			buildPhases = (
				841BE4D02566498C003C99A7 /* Sources */,
				841BE4D12566498C003C99A7 /* Frameworks */,
				841BE4D22566498C003C99A7 /* Resources */,
			);
			buildRules = (
			);
			dependencies = (
				841BE4D62566498C003C99A7 /* PBXTargetDependency */,
			);
			name = XTstoreUITests;
			productName = XTstoreUITests;
			productReference = 841BE4D42566498C003C99A7 /* XTstoreUITests.xctest */;
			productType = "com.apple.product-type.bundle.ui-testing";
		};
/* End PBXNativeTarget section */

/* Begin PBXProject section */
		841BE4AB2566498B003C99A7 /* Project object */ = {
			isa = PBXProject;
			attributes = {
				LastSwiftUpdateCheck = 1170;
				LastUpgradeCheck = 1170;
				ORGANIZATIONNAME = admin;
				TargetAttributes = {
					841BE4B22566498B003C99A7 = {
						CreatedOnToolsVersion = 11.7;
					};
					841BE4C82566498C003C99A7 = {
						CreatedOnToolsVersion = 11.7;
						TestTargetID = 841BE4B22566498B003C99A7;
					};
					841BE4D32566498C003C99A7 = {
						CreatedOnToolsVersion = 11.7;
						TestTargetID = 841BE4B22566498B003C99A7;
					};
				};
			};
			buildConfigurationList = 841BE4AE2566498B003C99A7 /* Build configuration list for PBXProject "XTstore" */;
			compatibilityVersion = "Xcode 9.3";
			developmentRegion = en;
			hasScannedForEncodings = 0;
			knownRegions = (
				en,
				Base,
			);
			mainGroup = 841BE4AA2566498B003C99A7;
			productRefGroup = 841BE4B42566498B003C99A7 /* Products */;
			projectDirPath = "";
			projectRoot = "";
			targets = (
				841BE4B22566498B003C99A7 /* XTstore */,
				841BE4C82566498C003C99A7 /* XTstoreTests */,
				841BE4D32566498C003C99A7 /* XTstoreUITests */,
			);
		};
/* End PBXProject section */

/* Begin PBXResourcesBuildPhase section */
		841BE4B12566498B003C99A7 /* Resources */ = {
			isa = PBXResourcesBuildPhase;
			buildActionMask = 2147483647;
			files = (
				841BE4C32566498C003C99A7 /* LaunchScreen.storyboard in Resources */,
				841BE4C02566498C003C99A7 /* Assets.xcassets in Resources */,
				841BE4BE2566498B003C99A7 /* Main.storyboard in Resources */,
			);
			runOnlyForDeploymentPostprocessing = 0;
		};
		841BE4C72566498C003C99A7 /* Resources */ = {
			isa = PBXResourcesBuildPhase;
			buildActionMask = 2147483647;
			files = (
			);
			runOnlyForDeploymentPostprocessing = 0;
		};
		841BE4D22566498C003C99A7 /* Resources */ = {
			isa = PBXResourcesBuildPhase;
			buildActionMask = 2147483647;
			files = (
			);
			runOnlyForDeploymentPostprocessing = 0;
		};
/* End PBXResourcesBuildPhase section */

/* Begin PBXSourcesBuildPhase section */
		841BE4AF2566498B003C99A7 /* Sources */ = {
			isa = PBXSourcesBuildPhase;
			buildActionMask = 2147483647;
			files = (
				841BE4BB2566498B003C99A7 /* ViewController.swift in Sources */,
				841BE4B72566498B003C99A7 /* AppDelegate.swift in Sources */,
				841BE4B92566498B003C99A7 /* SceneDelegate.swift in Sources */,
			);
			runOnlyForDeploymentPostprocessing = 0;
		};
		841BE4C52566498C003C99A7 /* Sources */ = {
			isa = PBXSourcesBuildPhase;
			buildActionMask = 2147483647;
			files = (
				841BE4CE2566498C003C99A7 /* XTstoreTests.swift in Sources */,
			);
			runOnlyForDeploymentPostprocessing = 0;
		};
		841BE4D02566498C003C99A7 /* Sources */ = {
			isa = PBXSourcesBuildPhase;
			buildActionMask = 2147483647;
			files = (
				841BE4D92566498C003C99A7 /* XTstoreUITests.swift in Sources */,
			);
			runOnlyForDeploymentPostprocessing = 0;
		};
/* End PBXSourcesBuildPhase section */

/* Begin PBXTargetDependency section */
		841BE4CB2566498C003C99A7 /* PBXTargetDependency */ = {
			isa = PBXTargetDependency;
			target = 841BE4B22566498B003C99A7 /* XTstore */;
			targetProxy = 841BE4CA2566498C003C99A7 /* PBXContainerItemProxy */;
		};
		841BE4D62566498C003C99A7 /* PBXTargetDependency */ = {
			isa = PBXTargetDependency;
			target = 841BE4B22566498B003C99A7 /* XTstore */;
			targetProxy = 841BE4D52566498C003C99A7 /* PBXContainerItemProxy */;
		};
/* End PBXTargetDependency section */

/* Begin PBXVariantGroup section */
		841BE4BC2566498B003C99A7 /* Main.storyboard */ = {
			isa = PBXVariantGroup;
			children = (
				841BE4BD2566498B003C99A7 /* Base */,
			);
			name = Main.storyboard;
			sourceTree = "<group>";
		};
		841BE4C12566498C003C99A7 /* LaunchScreen.storyboard */ = {
			isa = PBXVariantGroup;
			children = (
				841BE4C22566498C003C99A7 /* Base */,
			);
			name = LaunchScreen.storyboard;
			sourceTree = "<group>";
		};
/* End PBXVariantGroup section */

/* Begin XCBuildConfiguration section */
		841BE4DB2566498C003C99A7 /* Debug */ = {
			isa = XCBuildConfiguration;
			buildSettings = {
				ALWAYS_SEARCH_USER_PATHS = NO;
				CLANG_ANALYZER_NONNULL = YES;
				CLANG_ANALYZER_NUMBER_OBJECT_CONVERSION = YES_AGGRESSIVE;
				CLANG_CXX_LANGUAGE_STANDARD = "gnu++14";
				CLANG_CXX_LIBRARY = "libc++";
				CLANG_ENABLE_MODULES = YES;
				CLANG_ENABLE_OBJC_ARC = YES;
				CLANG_ENABLE_OBJC_WEAK = YES;
				CLANG_WARN_BLOCK_CAPTURE_AUTORELEASING = YES;
				CLANG_WARN_BOOL_CONVERSION = YES;
				CLANG_WARN_COMMA = YES;
				CLANG_WARN_CONSTANT_CONVERSION = YES;
				CLANG_WARN_DEPRECATED_OBJC_IMPLEMENTATIONS = YES;
				CLANG_WARN_DIRECT_OBJC_ISA_USAGE = YES_ERROR;
				CLANG_WARN_DOCUMENTATION_COMMENTS = YES;
				CLANG_WARN_EMPTY_BODY = YES;
				CLANG_WARN_ENUM_CONVERSION = YES;
				CLANG_WARN_INFINITE_RECURSION = YES;
				CLANG_WARN_INT_CONVERSION = YES;
				CLANG_WARN_NON_LITERAL_NULL_CONVERSION = YES;
				CLANG_WARN_OBJC_IMPLICIT_RETAIN_SELF = YES;
				CLANG_WARN_OBJC_LITERAL_CONVERSION = YES;
				CLANG_WARN_OBJC_ROOT_CLASS = YES_ERROR;
				CLANG_WARN_RANGE_LOOP_ANALYSIS = YES;
				CLANG_WARN_STRICT_PROTOTYPES = YES;
				CLANG_WARN_SUSPICIOUS_MOVE = YES;
				CLANG_WARN_UNGUARDED_AVAILABILITY = YES_AGGRESSIVE;
				CLANG_WARN_UNREACHABLE_CODE = YES;
				CLANG_WARN__DUPLICATE_METHOD_MATCH = YES;
				COPY_PHASE_STRIP = NO;
				DEBUG_INFORMATION_FORMAT = dwarf;
				ENABLE_STRICT_OBJC_MSGSEND = YES;
				ENABLE_TESTABILITY = YES;
				GCC_C_LANGUAGE_STANDARD = gnu11;
				GCC_DYNAMIC_NO_PIC = NO;
				GCC_NO_COMMON_BLOCKS = YES;
				GCC_OPTIMIZATION_LEVEL = 0;
				GCC_PREPROCESSOR_DEFINITIONS = (
					"DEBUG=1",
					"$(inherited)",
				);
				GCC_WARN_64_TO_32_BIT_CONVERSION = YES;
				GCC_WARN_ABOUT_RETURN_TYPE = YES_ERROR;
				GCC_WARN_UNDECLARED_SELECTOR = YES;
				GCC_WARN_UNINITIALIZED_AUTOS = YES_AGGRESSIVE;
				GCC_WARN_UNUSED_FUNCTION = YES;
				GCC_WARN_UNUSED_VARIABLE = YES;
				IPHONEOS_DEPLOYMENT_TARGET = 13.7;
				MTL_ENABLE_DEBUG_INFO = INCLUDE_SOURCE;
				MTL_FAST_MATH = YES;
				ONLY_ACTIVE_ARCH = YES;
				SDKROOT = iphoneos;
				SWIFT_ACTIVE_COMPILATION_CONDITIONS = DEBUG;
				SWIFT_OPTIMIZATION_LEVEL = "-Onone";
			};
			name = Debug;
		};
		841BE4DC2566498C003C99A7 /* Release */ = {
			isa = XCBuildConfiguration;
			buildSettings = {
				ALWAYS_SEARCH_USER_PATHS = NO;
				CLANG_ANALYZER_NONNULL = YES;
				CLANG_ANALYZER_NUMBER_OBJECT_CONVERSION = YES_AGGRESSIVE;
				CLANG_CXX_LANGUAGE_STANDARD = "gnu++14";
				CLANG_CXX_LIBRARY = "libc++";
				CLANG_ENABLE_MODULES = YES;
				CLANG_ENABLE_OBJC_ARC = YES;
				CLANG_ENABLE_OBJC_WEAK = YES;
				CLANG_WARN_BLOCK_CAPTURE_AUTORELEASING = YES;
				CLANG_WARN_BOOL_CONVERSION = YES;
				CLANG_WARN_COMMA = YES;
				CLANG_WARN_CONSTANT_CONVERSION = YES;
				CLANG_WARN_DEPRECATED_OBJC_IMPLEMENTATIONS = YES;
				CLANG_WARN_DIRECT_OBJC_ISA_USAGE = YES_ERROR;
				CLANG_WARN_DOCUMENTATION_COMMENTS = YES;
				CLANG_WARN_EMPTY_BODY = YES;
				CLANG_WARN_ENUM_CONVERSION = YES;
				CLANG_WARN_INFINITE_RECURSION = YES;
				CLANG_WARN_INT_CONVERSION = YES;
				CLANG_WARN_NON_LITERAL_NULL_CONVERSION = YES;
				CLANG_WARN_OBJC_IMPLICIT_RETAIN_SELF = YES;
				CLANG_WARN_OBJC_LITERAL_CONVERSION = YES;
				CLANG_WARN_OBJC_ROOT_CLASS = YES_ERROR;
				CLANG_WARN_RANGE_LOOP_ANALYSIS = YES;
				CLANG_WARN_STRICT_PROTOTYPES = YES;
				CLANG_WARN_SUSPICIOUS_MOVE = YES;
				CLANG_WARN_UNGUARDED_AVAILABILITY = YES_AGGRESSIVE;
				CLANG_WARN_UNREACHABLE_CODE = YES;
				CLANG_WARN__DUPLICATE_METHOD_MATCH = YES;
				COPY_PHASE_STRIP = NO;
				DEBUG_INFORMATION_FORMAT = "dwarf-with-dsym";
				ENABLE_NS_ASSERTIONS = NO;
				ENABLE_STRICT_OBJC_MSGSEND = YES;
				GCC_C_LANGUAGE_STANDARD = gnu11;
				GCC_NO_COMMON_BLOCKS = YES;
				GCC_WARN_64_TO_32_BIT_CONVERSION = YES;
				GCC_WARN_ABOUT_RETURN_TYPE = YES_ERROR;
				GCC_WARN_UNDECLARED_SELECTOR = YES;
				GCC_WARN_UNINITIALIZED_AUTOS = YES_AGGRESSIVE;
				GCC_WARN_UNUSED_FUNCTION = YES;
				GCC_WARN_UNUSED_VARIABLE = YES;
				IPHONEOS_DEPLOYMENT_TARGET = 13.7;
				MTL_ENABLE_DEBUG_INFO = NO;
				MTL_FAST_MATH = YES;
				SDKROOT = iphoneos;
				SWIFT_COMPILATION_MODE = wholemodule;
				SWIFT_OPTIMIZATION_LEVEL = "-O";
				VALIDATE_PRODUCT = YES;
			};
			name = Release;
		};
		841BE4DE2566498C003C99A7 /* Debug */ = {
			isa = XCBuildConfiguration;
			buildSettings = {
				ASSETCATALOG_COMPILER_APPICON_NAME = AppIcon;
				CODE_SIGN_STYLE = Automatic;
				DEVELOPMENT_TEAM = M9RXFTNQ3L;
				INFOPLIST_FILE = XTstore/Info.plist;
				LD_RUNPATH_SEARCH_PATHS = (
					"$(inherited)",
					"@executable_path/Frameworks",
				);
				PRODUCT_BUNDLE_IDENTIFIER = hoang.XTstore;
				PRODUCT_NAME = "$(TARGET_NAME)";
				SWIFT_VERSION = 5.0;
				TARGETED_DEVICE_FAMILY = "1,2";
			};
			name = Debug;
		};
		841BE4DF2566498C003C99A7 /* Release */ = {
			isa = XCBuildConfiguration;
			buildSettings = {
				ASSETCATALOG_COMPILER_APPICON_NAME = AppIcon;
				CODE_SIGN_STYLE = Automatic;
				DEVELOPMENT_TEAM = M9RXFTNQ3L;
				INFOPLIST_FILE = XTstore/Info.plist;
				LD_RUNPATH_SEARCH_PATHS = (
					"$(inherited)",
					"@executable_path/Frameworks",
				);
				PRODUCT_BUNDLE_IDENTIFIER = hoang.XTstore;
				PRODUCT_NAME = "$(TARGET_NAME)";
				SWIFT_VERSION = 5.0;
				TARGETED_DEVICE_FAMILY = "1,2";
			};
			name = Release;
		};
		841BE4E12566498C003C99A7 /* Debug */ = {
			isa = XCBuildConfiguration;
			buildSettings = {
				ALWAYS_EMBED_SWIFT_STANDARD_LIBRARIES = YES;
				BUNDLE_LOADER = "$(TEST_HOST)";
				CODE_SIGN_STYLE = Automatic;
				DEVELOPMENT_TEAM = M9RXFTNQ3L;
				INFOPLIST_FILE = XTstoreTests/Info.plist;
				IPHONEOS_DEPLOYMENT_TARGET = 13.7;
				LD_RUNPATH_SEARCH_PATHS = (
					"$(inherited)",
					"@executable_path/Frameworks",
					"@loader_path/Frameworks",
				);
				PRODUCT_BUNDLE_IDENTIFIER = hoang.XTstoreTests;
				PRODUCT_NAME = "$(TARGET_NAME)";
				SWIFT_VERSION = 5.0;
				TARGETED_DEVICE_FAMILY = "1,2";
				TEST_HOST = "$(BUILT_PRODUCTS_DIR)/XTstore.app/XTstore";
			};
			name = Debug;
		};
		841BE4E22566498C003C99A7 /* Release */ = {
			isa = XCBuildConfiguration;
			buildSettings = {
				ALWAYS_EMBED_SWIFT_STANDARD_LIBRARIES = YES;
				BUNDLE_LOADER = "$(TEST_HOST)";
				CODE_SIGN_STYLE = Automatic;
				DEVELOPMENT_TEAM = M9RXFTNQ3L;
				INFOPLIST_FILE = XTstoreTests/Info.plist;
				IPHONEOS_DEPLOYMENT_TARGET = 13.7;
				LD_RUNPATH_SEARCH_PATHS = (
					"$(inherited)",
					"@executable_path/Frameworks",
					"@loader_path/Frameworks",
				);
				PRODUCT_BUNDLE_IDENTIFIER = hoang.XTstoreTests;
				PRODUCT_NAME = "$(TARGET_NAME)";
				SWIFT_VERSION = 5.0;
				TARGETED_DEVICE_FAMILY = "1,2";
				TEST_HOST = "$(BUILT_PRODUCTS_DIR)/XTstore.app/XTstore";
			};
			name = Release;
		};
		841BE4E42566498C003C99A7 /* Debug */ = {
			isa = XCBuildConfiguration;
			buildSettings = {
				ALWAYS_EMBED_SWIFT_STANDARD_LIBRARIES = YES;
				CODE_SIGN_STYLE = Automatic;
				DEVELOPMENT_TEAM = M9RXFTNQ3L;
				INFOPLIST_FILE = XTstoreUITests/Info.plist;
				LD_RUNPATH_SEARCH_PATHS = (
					"$(inherited)",
					"@executable_path/Frameworks",
					"@loader_path/Frameworks",
				);
				PRODUCT_BUNDLE_IDENTIFIER = hoang.XTstoreUITests;
				PRODUCT_NAME = "$(TARGET_NAME)";
				SWIFT_VERSION = 5.0;
				TARGETED_DEVICE_FAMILY = "1,2";
				TEST_TARGET_NAME = XTstore;
			};
			name = Debug;
		};
		841BE4E52566498C003C99A7 /* Release */ = {
			isa = XCBuildConfiguration;
			buildSettings = {
				ALWAYS_EMBED_SWIFT_STANDARD_LIBRARIES = YES;
				CODE_SIGN_STYLE = Automatic;
				DEVELOPMENT_TEAM = M9RXFTNQ3L;
				INFOPLIST_FILE = XTstoreUITests/Info.plist;
				LD_RUNPATH_SEARCH_PATHS = (
					"$(inherited)",
					"@executable_path/Frameworks",
					"@loader_path/Frameworks",
				);
				PRODUCT_BUNDLE_IDENTIFIER = hoang.XTstoreUITests;
				PRODUCT_NAME = "$(TARGET_NAME)";
				SWIFT_VERSION = 5.0;
				TARGETED_DEVICE_FAMILY = "1,2";
				TEST_TARGET_NAME = XTstore;
			};
			name = Release;
		};
/* End XCBuildConfiguration section */

/* Begin XCConfigurationList section */
		841BE4AE2566498B003C99A7 /* Build configuration list for PBXProject "XTstore" */ = {
			isa = XCConfigurationList;
			buildConfigurations = (
				841BE4DB2566498C003C99A7 /* Debug */,
				841BE4DC2566498C003C99A7 /* Release */,
			);
			defaultConfigurationIsVisible = 0;
			defaultConfigurationName = Release;
		};
		841BE4DD2566498C003C99A7 /* Build configuration list for PBXNativeTarget "XTstore" */ = {
			isa = XCConfigurationList;
			buildConfigurations = (
				841BE4DE2566498C003C99A7 /* Debug */,
				841BE4DF2566498C003C99A7 /* Release */,
			);
			defaultConfigurationIsVisible = 0;
			defaultConfigurationName = Release;
		};
		841BE4E02566498C003C99A7 /* Build configuration list for PBXNativeTarget "XTstoreTests" */ = {
			isa = XCConfigurationList;
			buildConfigurations = (
				841BE4E12566498C003C99A7 /* Debug */,
				841BE4E22566498C003C99A7 /* Release */,
			);
			defaultConfigurationIsVisible = 0;
			defaultConfigurationName = Release;
		};
		841BE4E32566498C003C99A7 /* Build configuration list for PBXNativeTarget "XTstoreUITests" */ = {
			isa = XCConfigurationList;
			buildConfigurations = (
				841BE4E42566498C003C99A7 /* Debug */,
				841BE4E52566498C003C99A7 /* Release */,
			);
			defaultConfigurationIsVisible = 0;
			defaultConfigurationName = Release;
		};
/* End XCConfigurationList section */
	};
	rootObject = 841BE4AB2566498B003C99A7 /* Project object */;
}
